
Microsoft Visual Studio Solution File, Format Version 12.00
# Visual Studio Version 17
VisualStudioVersion = 17.7.34003.232
MinimumVisualStudioVersion = 10.0.40219.1
Project("{FAE04EC0-301F-11D3-BF4B-00C04F79EFBC}") = "Gym", "Gym.csproj", "{472A5FA8-8A4C-4CC0-98A9-3D21E78F68FC}"
EndProject
Global
	GlobalSection(SolutionConfigurationPlatforms) = preSolution
		Debug|Any CPU = Debug|Any CPU
		Release|Any CPU = Release|Any CPU
	EndGlobalSection
	GlobalSection(ProjectConfigurationPlatforms) = postSolution
		{472A5FA8-8A4C-4CC0-98A9-3D21E78F68FC}.Debug|Any CPU.ActiveCfg = Debug|Any CPU
		{472A5FA8-8A4C-4CC0-98A9-3D21E78F68FC}.Debug|Any CPU.Build.0 = Debug|Any CPU
		{472A5FA8-8A4C-4CC0-98A9-3D21E78F68FC}.Release|Any CPU.ActiveCfg = Release|Any CPU
		{472A5FA8-8A4C-4CC0-98A9-3D21E78F68FC}.Release|Any CPU.Build.0 = Release|Any CPU
	EndGlobalSection
	GlobalSection(SolutionProperties) = preSolution
		HideSolutionNode = FALSE
	EndGlobalSection
	GlobalSection(ExtensibilityGlobals) = postSolution
		SolutionGuid = {E7951F91-984F-46FA-9C20-328F2FD04F41}
	EndGlobalSection
EndGlobal
